
Microsoft Visual Studio Solution File, Format Version 12.00
# Visual Studio 15
VisualStudioVersion = 15.0.27703.2042
MinimumVisualStudioVersion = 10.0.40219.1
Project("{FAE04EC0-301F-11D3-BF4B-00C04F79EFBC}") = "PowerAppsCMS", "PowerAppsCMS\PowerAppsCMS.csproj", "{0E1E2100-8C04-4CE5-A282-AA82419F3D16}"
EndProject
Global
	GlobalSection(SolutionConfigurationPlatforms) = preSolution
		Debug|Any CPU = Debug|Any CPU
		Release|Any CPU = Release|Any CPU
	EndGlobalSection
	GlobalSection(ProjectConfigurationPlatforms) = postSolution
		{0E1E2100-8C04-4CE5-A282-AA82419F3D16}.Debug|Any CPU.ActiveCfg = Debug|Any CPU
		{0E1E2100-8C04-4CE5-A282-AA82419F3D16}.Debug|Any CPU.Build.0 = Debug|Any CPU
		{0E1E2100-8C04-4CE5-A282-AA82419F3D16}.Release|Any CPU.ActiveCfg = Release|Any CPU
		{0E1E2100-8C04-4CE5-A282-AA82419F3D16}.Release|Any CPU.Build.0 = Release|Any CPU
	EndGlobalSection
	GlobalSection(SolutionProperties) = preSolution
		HideSolutionNode = FALSE
	EndGlobalSection
	GlobalSection(ExtensibilityGlobals) = postSolution
		SolutionGuid = {B97C75D6-3EE8-491A-9502-E917FF072454}
	EndGlobalSection
	GlobalSection(TeamFoundationVersionControl) = preSolution
		SccNumberOfProjects = 2
		SccEnterpriseProvider = {4CA58AB2-18FA-4F8D-95D4-32DDF27D184C}
		SccTeamFoundationServer = https://utpe-patria.visualstudio.com/
		SccLocalPath0 = .
		SccProjectUniqueName1 = PowerAppsCMS\\PowerAppsCMS.csproj
		SccProjectName1 = PowerAppsCMS
		SccLocalPath1 = PowerAppsCMS
	EndGlobalSection
EndGlobal
